<?xml version="1.0" encoding="utf-8"?>
<Project ToolsVersion="4.0" xmlns="http://schemas.microsoft.com/developer/msbuild/2003">
  <ItemGroup>
    <Filter Include="ソース ファイル">
      <UniqueIdentifier>{4FC737F1-C7A5-4376-A066-2A32D752A2FF}</UniqueIdentifier>
      <Extensions>cpp;c;cc;cxx;c++;cppm;ixx;def;odl;idl;hpj;bat;asm;asmx</Extensions>
    </Filter>
    <Filter Include="ヘッダー ファイル">
      <UniqueIdentifier>{93995380-89BD-4b04-88EB-625FBE52EBFB}</UniqueIdentifier>
      <Extensions>h;hh;hpp;hxx;h++;hm;inl;inc;ipp;xsd</Extensions>
    </Filter>
    <Filter Include="リソース ファイル">
      <UniqueIdentifier>{67DA6AB6-F800-4c08-8B7A-83BB121AAD01}</UniqueIdentifier>
      <Extensions>rc;ico;cur;bmp;dlg;rc2;rct;bin;rgs;gif;jpg;jpeg;jpe;resx;tiff;tif;png;wav;mfcribbon-ms</Extensions>
    </Filter>
    <Filter Include="ソース ファイル\class1">
      <UniqueIdentifier>{20d786e0-719f-4cda-baab-843c60b3cfb5}</UniqueIdentifier>
    </Filter>
    <Filter Include="ソース ファイル\class2">
      <UniqueIdentifier>{8375cdb9-690b-4a01-ae08-4dda2fb39f03}</UniqueIdentifier>
    </Filter>
    <Filter Include="ソース ファイル\class3">
      <UniqueIdentifier>{2c071460-0220-404a-807e-d870249c5f8e}</UniqueIdentifier>
    </Filter>
    <Filter Include="ソース ファイル\class4">
      <UniqueIdentifier>{a96047e1-1b94-42c8-87b1-e505c7d72382}</UniqueIdentifier>
    </Filter>
    <Filter Include="ソース ファイル\class5">
      <UniqueIdentifier>{c160a9da-c5b9-4827-929f-402cd3f6d897}</UniqueIdentifier>
    </Filter>
    <Filter Include="ソース ファイル\class6">
      <UniqueIdentifier>{2a26884f-1e99-4c59-803d-5aaf7c56f42c}</UniqueIdentifier>
    </Filter>
    <Filter Include="ソース ファイル\class7">
      <UniqueIdentifier>{01ce942d-ef24-4f95-867e-9cb39df37f38}</UniqueIdentifier>
    </Filter>
    <Filter Include="ソース ファイル\class8">
      <UniqueIdentifier>{5c77fbb9-12bc-443b-a225-98a8165c1c78}</UniqueIdentifier>
    </Filter>
    <Filter Include="ソース ファイル\class9">
      <UniqueIdentifier>{86b3cf63-e0cb-4d72-95a4-2aae9dca55fa}</UniqueIdentifier>
    </Filter>
  </ItemGroup>
  <ItemGroup>
    <ClCompile Include="prog0101.cpp">
      <Filter>ソース ファイル\class1</Filter>
    </ClCompile>
    <ClCompile Include="prog0102.cpp">
      <Filter>ソース ファイル\class1</Filter>
    </ClCompile>
    <ClCompile Include="progMaster.cpp">
      <Filter>ソース ファイル</Filter>
    </ClCompile>
    <ClCompile Include="prog0103.cpp">
      <Filter>ソース ファイル\class1</Filter>
    </ClCompile>
    <ClCompile Include="prog0104.cpp">
      <Filter>ソース ファイル\class1</Filter>
    </ClCompile>
    <ClCompile Include="prog0105.cpp">
      <Filter>ソース ファイル\class1</Filter>
    </ClCompile>
    <ClCompile Include="prog0106.cpp">
      <Filter>ソース ファイル\class1</Filter>
    </ClCompile>
    <ClCompile Include="prog0107.cpp">
      <Filter>ソース ファイル\class1</Filter>
    </ClCompile>
    <ClCompile Include="prog0108.cpp">
      <Filter>ソース ファイル\class1</Filter>
    </ClCompile>
    <ClCompile Include="prog0201.cpp">
      <Filter>ソース ファイル\class2</Filter>
    </ClCompile>
    <ClCompile Include="prog0202.cpp">
      <Filter>ソース ファイル\class2</Filter>
    </ClCompile>
    <ClCompile Include="prog0203.cpp">
      <Filter>ソース ファイル\class2</Filter>
    </ClCompile>
    <ClCompile Include="prog0204.cpp">
      <Filter>ソース ファイル\class2</Filter>
    </ClCompile>
    <ClCompile Include="prog0205.cpp">
      <Filter>ソース ファイル\class2</Filter>
    </ClCompile>
    <ClCompile Include="prog0206.cpp">
      <Filter>ソース ファイル\class2</Filter>
    </ClCompile>
    <ClCompile Include="prog0207.cpp">
      <Filter>ソース ファイル\class2</Filter>
    </ClCompile>
    <ClCompile Include="prog0208.cpp">
      <Filter>ソース ファイル\class2</Filter>
    </ClCompile>
    <ClCompile Include="prog0209.cpp">
      <Filter>ソース ファイル\class2</Filter>
    </ClCompile>
    <ClCompile Include="prog0210.cpp">
      <Filter>ソース ファイル\class2</Filter>
    </ClCompile>
    <ClCompile Include="prog0211.cpp">
      <Filter>ソース ファイル\class2</Filter>
    </ClCompile>
    <ClCompile Include="prog0212.cpp">
      <Filter>ソース ファイル\class2</Filter>
    </ClCompile>
    <ClCompile Include="prog0301.cpp">
      <Filter>ソース ファイル\class3</Filter>
    </ClCompile>
    <ClCompile Include="prog0302.cpp">
      <Filter>ソース ファイル\class3</Filter>
    </ClCompile>
    <ClCompile Include="prog0303.cpp">
      <Filter>ソース ファイル\class3</Filter>
    </ClCompile>
    <ClCompile Include="prog0304.cpp">
      <Filter>ソース ファイル\class3</Filter>
    </ClCompile>
    <ClCompile Include="prog0305.cpp">
      <Filter>ソース ファイル\class3</Filter>
    </ClCompile>
    <ClCompile Include="prog0306.cpp">
      <Filter>ソース ファイル\class3</Filter>
    </ClCompile>
    <ClCompile Include="prog0307.cpp">
      <Filter>ソース ファイル\class3</Filter>
    </ClCompile>
    <ClCompile Include="prog0308.cpp">
      <Filter>ソース ファイル\class3</Filter>
    </ClCompile>
    <ClCompile Include="prog0309.cpp">
      <Filter>ソース ファイル\class3</Filter>
    </ClCompile>
    <ClCompile Include="prog0310.cpp">
      <Filter>ソース ファイル\class3</Filter>
    </ClCompile>
    <ClCompile Include="prog0311.cpp">
      <Filter>ソース ファイル\class3</Filter>
    </ClCompile>
    <ClCompile Include="prog0312.cpp">
      <Filter>ソース ファイル\class3</Filter>
    </ClCompile>
    <ClCompile Include="prog0313.cpp">
      <Filter>ソース ファイル\class3</Filter>
    </ClCompile>
    <ClCompile Include="prog0314.cpp">
      <Filter>ソース ファイル\class3</Filter>
    </ClCompile>
    <ClCompile Include="prog0315.cpp">
      <Filter>ソース ファイル\class3</Filter>
    </ClCompile>
    <ClCompile Include="prog0401.cpp">
      <Filter>ソース ファイル\class4</Filter>
    </ClCompile>
    <ClCompile Include="prog0402.cpp">
      <Filter>ソース ファイル\class4</Filter>
    </ClCompile>
    <ClCompile Include="prog0403.cpp">
      <Filter>ソース ファイル\class4</Filter>
    </ClCompile>
    <ClCompile Include="prog0404.cpp">
      <Filter>ソース ファイル\class4</Filter>
    </ClCompile>
    <ClCompile Include="prog0405.cpp">
      <Filter>ソース ファイル\class4</Filter>
    </ClCompile>
    <ClCompile Include="prog0406.cpp">
      <Filter>ソース ファイル\class4</Filter>
    </ClCompile>
    <ClCompile Include="prog0407.cpp">
      <Filter>ソース ファイル\class4</Filter>
    </ClCompile>
    <ClCompile Include="prog0408.cpp">
      <Filter>ソース ファイル\class4</Filter>
    </ClCompile>
    <ClCompile Include="prog0409.cpp">
      <Filter>ソース ファイル\class4</Filter>
    </ClCompile>
    <ClCompile Include="prog0410.cpp">
      <Filter>ソース ファイル\class4</Filter>
    </ClCompile>
    <ClCompile Include="prog0411.cpp">
      <Filter>ソース ファイル\class4</Filter>
    </ClCompile>
    <ClCompile Include="prog0412.cpp">
      <Filter>ソース ファイル\class4</Filter>
    </ClCompile>
    <ClCompile Include="prog0413.cpp">
      <Filter>ソース ファイル\class4</Filter>
    </ClCompile>
    <ClCompile Include="prog0414.cpp">
      <Filter>ソース ファイル\class4</Filter>
    </ClCompile>
    <ClCompile Include="prog0415.cpp">
      <Filter>ソース ファイル\class4</Filter>
    </ClCompile>
    <ClCompile Include="prog0506.cpp">
      <Filter>ソース ファイル\class5</Filter>
    </ClCompile>
    <ClCompile Include="prog0507.cpp">
      <Filter>ソース ファイル\class5</Filter>
    </ClCompile>
    <ClCompile Include="prog0508.cpp">
      <Filter>ソース ファイル\class5</Filter>
    </ClCompile>
    <ClCompile Include="prog0509.cpp">
      <Filter>ソース ファイル\class5</Filter>
    </ClCompile>
    <ClCompile Include="prog0510.cpp">
      <Filter>ソース ファイル\class5</Filter>
    </ClCompile>
    <ClCompile Include="prog0511.cpp">
      <Filter>ソース ファイル\class5</Filter>
    </ClCompile>
    <ClCompile Include="prog0512.cpp">
      <Filter>ソース ファイル\class5</Filter>
    </ClCompile>
    <ClCompile Include="class6.h">
      <Filter>ヘッダー ファイル</Filter>
    </ClCompile>
    <ClCompile Include="prog0605.cpp">
      <Filter>ソース ファイル\class6</Filter>
    </ClCompile>
    <ClCompile Include="prog0606.cpp">
      <Filter>ソース ファイル\class6</Filter>
    </ClCompile>
    <ClCompile Include="prog0607.cpp">
      <Filter>ソース ファイル\class6</Filter>
    </ClCompile>
    <ClCompile Include="prog0608.cpp">
      <Filter>ソース ファイル\class6</Filter>
    </ClCompile>
    <ClCompile Include="prog0609.cpp">
      <Filter>ソース ファイル\class6</Filter>
    </ClCompile>
    <ClCompile Include="prog0610.cpp">
      <Filter>ソース ファイル\class6</Filter>
    </ClCompile>
    <ClCompile Include="prog0611.cpp">
      <Filter>ソース ファイル\class6</Filter>
    </ClCompile>
    <ClCompile Include="prog0612.cpp">
      <Filter>ソース ファイル\class6</Filter>
    </ClCompile>
    <ClCompile Include="prog0609ex.cpp">
      <Filter>ソース ファイル\class6</Filter>
    </ClCompile>
    <ClCompile Include="prog0610ex.cpp">
      <Filter>ソース ファイル\class6</Filter>
    </ClCompile>
    <ClCompile Include="prog0705.cpp">
      <Filter>ソース ファイル\class7</Filter>
    </ClCompile>
    <ClCompile Include="prog0706.cpp">
      <Filter>ソース ファイル\class7</Filter>
    </ClCompile>
    <ClCompile Include="prog0707.cpp">
      <Filter>ソース ファイル\class7</Filter>
    </ClCompile>
    <ClCompile Include="prog0708.cpp">
      <Filter>ソース ファイル\class7</Filter>
    </ClCompile>
    <ClCompile Include="prog0709.cpp">
      <Filter>ソース ファイル\class7</Filter>
    </ClCompile>
    <ClCompile Include="prog0710.cpp">
      <Filter>ソース ファイル\class7</Filter>
    </ClCompile>
    <ClCompile Include="prog0711.cpp">
      <Filter>ソース ファイル\class7</Filter>
    </ClCompile>
    <ClCompile Include="prog0805.cpp">
      <Filter>ソース ファイル\class8</Filter>
    </ClCompile>
    <ClCompile Include="prog0712.cpp">
      <Filter>ソース ファイル\class7</Filter>
    </ClCompile>
    <ClCompile Include="class0806.cpp">
      <Filter>ソース ファイル\class8</Filter>
    </ClCompile>
    <ClCompile Include="class0807.cpp">
      <Filter>ソース ファイル\class8</Filter>
    </ClCompile>
    <ClCompile Include="prog0808.cpp">
      <Filter>ソース ファイル\class8</Filter>
    </ClCompile>
    <ClCompile Include="prog0809.cpp">
      <Filter>ソース ファイル\class8</Filter>
    </ClCompile>
    <ClCompile Include="prog0810.cpp">
      <Filter>ソース ファイル\class8</Filter>
    </ClCompile>
    <ClCompile Include="prog0811.cpp">
      <Filter>ソース ファイル\class8</Filter>
    </ClCompile>
    <ClCompile Include="prog0812.cpp">
      <Filter>ソース ファイル\class8</Filter>
    </ClCompile>
    <ClCompile Include="prog0905.cpp">
      <Filter>ソース ファイル\class9</Filter>
    </ClCompile>
    <ClCompile Include="prog0906.cpp">
      <Filter>ソース ファイル\class9</Filter>
    </ClCompile>
    <ClCompile Include="prog0907.cpp">
      <Filter>ソース ファイル\class9</Filter>
    </ClCompile>
    <ClCompile Include="prog0908.cpp">
      <Filter>ソース ファイル\class9</Filter>
    </ClCompile>
    <ClCompile Include="prog0909.cpp">
      <Filter>ソース ファイル\class9</Filter>
    </ClCompile>
    <ClCompile Include="prog0910.cpp">
      <Filter>ソース ファイル\class9</Filter>
    </ClCompile>
    <ClCompile Include="prog0911.cpp">
      <Filter>ソース ファイル\class9</Filter>
    </ClCompile>
    <ClCompile Include="prog0912.cpp">
      <Filter>ソース ファイル\class9</Filter>
    </ClCompile>
  </ItemGroup>
  <ItemGroup>
    <ClInclude Include="class1.h">
      <Filter>ヘッダー ファイル</Filter>
    </ClInclude>
    <ClInclude Include="class2.h">
      <Filter>ヘッダー ファイル</Filter>
    </ClInclude>
    <ClInclude Include="class3.h">
      <Filter>ヘッダー ファイル</Filter>
    </ClInclude>
    <ClInclude Include="class4.h">
      <Filter>ヘッダー ファイル</Filter>
    </ClInclude>
    <ClInclude Include="class5.h">
      <Filter>ヘッダー ファイル</Filter>
    </ClInclude>
    <ClInclude Include="class7.h">
      <Filter>ヘッダー ファイル</Filter>
    </ClInclude>
    <ClInclude Include="class8.h">
      <Filter>ヘッダー ファイル</Filter>
    </ClInclude>
    <ClInclude Include="class9.h">
      <Filter>ヘッダー ファイル</Filter>
    </ClInclude>
  </ItemGroup>
</Project>